
Microsoft Visual Studio Solution File, Format Version 12.00
# Visual Studio Version 17
VisualStudioVersion = 17.13.35931.197 d17.13
MinimumVisualStudioVersion = 10.0.40219.1
Project("{FAE04EC0-301F-11D3-BF4B-00C04F79EFBC}") = "demo1", "demo1\demo1.csproj", "{9FFC873F-A753-4112-B3E2-D68EEC824B60}"
EndProject
Project("{2150E333-8FDC-42A3-9474-1A3956D46DE8}") = "解决方案项", "解决方案项", "{9FA3D6BD-1EC1-3BA5-80CB-CE02773A58D5}"
	ProjectSection(SolutionItems) = preProject
		README.md = README.md
	EndProjectSection
EndProject
Global
	GlobalSection(SolutionConfigurationPlatforms) = preSolution
		Debug|Any CPU = Debug|Any CPU
		Release|Any CPU = Release|Any CPU
	EndGlobalSection
	GlobalSection(ProjectConfigurationPlatforms) = postSolution
		{9FFC873F-A753-4112-B3E2-D68EEC824B60}.Debug|Any CPU.ActiveCfg = Debug|Any CPU
		{9FFC873F-A753-4112-B3E2-D68EEC824B60}.Debug|Any CPU.Build.0 = Debug|Any CPU
		{9FFC873F-A753-4112-B3E2-D68EEC824B60}.Release|Any CPU.ActiveCfg = Release|Any CPU
		{9FFC873F-A753-4112-B3E2-D68EEC824B60}.Release|Any CPU.Build.0 = Release|Any CPU
	EndGlobalSection
	GlobalSection(SolutionProperties) = preSolution
		HideSolutionNode = FALSE
	EndGlobalSection
	GlobalSection(ExtensibilityGlobals) = postSolution
		SolutionGuid = {AD4F00F9-64FD-450B-A7F6-4DCBD48AB3F7}
	EndGlobalSection
EndGlobal
